
Microsoft Visual Studio Solution File, Format Version 11.00
# Visual C++ Express 2010
Project("{8BC9CEB8-8B4A-11D0-8D11-00A0C91BC942}") = "test1", "test1\test1.vcxproj", "{E1005F94-16DF-4667-9E07-35C5074DB45A}"
EndProject
Global
	GlobalSection(SolutionConfigurationPlatforms) = preSolution
		Debug|Win32 = Debug|Win32
		Release|Win32 = Release|Win32
	EndGlobalSection
	GlobalSection(ProjectConfigurationPlatforms) = postSolution
		{E1005F94-16DF-4667-9E07-35C5074DB45A}.Debug|Win32.ActiveCfg = Debug|Win32
		{E1005F94-16DF-4667-9E07-35C5074DB45A}.Debug|Win32.Build.0 = Debug|Win32
		{E1005F94-16DF-4667-9E07-35C5074DB45A}.Release|Win32.ActiveCfg = Release|Win32
		{E1005F94-16DF-4667-9E07-35C5074DB45A}.Release|Win32.Build.0 = Release|Win32
	EndGlobalSection
	GlobalSection(SolutionProperties) = preSolution
		HideSolutionNode = FALSE
	EndGlobalSection
EndGlobal
