
Microsoft Visual Studio Solution File, Format Version 12.00
# Visual Studio 15
VisualStudioVersion = 15.0.26730.16
MinimumVisualStudioVersion = 10.0.40219.1
Project("{8BC9CEB8-8B4A-11D0-8D11-00A0C91BC942}") = "Profit_Ratio", "Profit_Ratio\Profit_Ratio.vcxproj", "{454C2C2D-4F64-4FF7-B360-7DF999544A3A}"
EndProject
Global
	GlobalSection(SolutionConfigurationPlatforms) = preSolution
		Debug|x64 = Debug|x64
		Debug|x86 = Debug|x86
		Release|x64 = Release|x64
		Release|x86 = Release|x86
	EndGlobalSection
	GlobalSection(ProjectConfigurationPlatforms) = postSolution
		{454C2C2D-4F64-4FF7-B360-7DF999544A3A}.Debug|x64.ActiveCfg = Debug|x64
		{454C2C2D-4F64-4FF7-B360-7DF999544A3A}.Debug|x64.Build.0 = Debug|x64
		{454C2C2D-4F64-4FF7-B360-7DF999544A3A}.Debug|x86.ActiveCfg = Debug|Win32
		{454C2C2D-4F64-4FF7-B360-7DF999544A3A}.Debug|x86.Build.0 = Debug|Win32
		{454C2C2D-4F64-4FF7-B360-7DF999544A3A}.Release|x64.ActiveCfg = Release|x64
		{454C2C2D-4F64-4FF7-B360-7DF999544A3A}.Release|x64.Build.0 = Release|x64
		{454C2C2D-4F64-4FF7-B360-7DF999544A3A}.Release|x86.ActiveCfg = Release|Win32
		{454C2C2D-4F64-4FF7-B360-7DF999544A3A}.Release|x86.Build.0 = Release|Win32
	EndGlobalSection
	GlobalSection(SolutionProperties) = preSolution
		HideSolutionNode = FALSE
	EndGlobalSection
	GlobalSection(ExtensibilityGlobals) = postSolution
		SolutionGuid = {FAC66A90-8E4C-4B20-98A2-460FBA8C595F}
	EndGlobalSection
EndGlobal
