
Microsoft Visual Studio Solution File, Format Version 11.00
# Visual C++ Express 2010
Project("{8BC9CEB8-8B4A-11D0-8D11-00A0C91BC942}") = "AO-Algo2", "AO-Algo2\AO-Algo2.vcxproj", "{AAED21FF-1697-415B-A3E0-EA36F335B550}"
EndProject
Global
	GlobalSection(SolutionConfigurationPlatforms) = preSolution
		Debug|Win32 = Debug|Win32
		Release|Win32 = Release|Win32
	EndGlobalSection
	GlobalSection(ProjectConfigurationPlatforms) = postSolution
		{AAED21FF-1697-415B-A3E0-EA36F335B550}.Debug|Win32.ActiveCfg = Debug|Win32
		{AAED21FF-1697-415B-A3E0-EA36F335B550}.Debug|Win32.Build.0 = Debug|Win32
		{AAED21FF-1697-415B-A3E0-EA36F335B550}.Release|Win32.ActiveCfg = Release|Win32
		{AAED21FF-1697-415B-A3E0-EA36F335B550}.Release|Win32.Build.0 = Release|Win32
	EndGlobalSection
	GlobalSection(SolutionProperties) = preSolution
		HideSolutionNode = FALSE
	EndGlobalSection
EndGlobal
